{
  "name": "@applitools/spec-driver-browser-extension",
  "version": "1.0.0",
  "lockfileVersion": 1,
  "requires": true,
  "dependencies": {
    "@applitools/api-extractor": {
      "version": "1.2.21",
      "resolved": "https://registry.npmjs.org/@applitools/api-extractor/-/api-extractor-1.2.21.tgz",
      "integrity": "sha512-Sh8cV2k6fA9O+ia2A9Am6+TQhBty5ComWOwIDDYWA2K6ub4VyG2bTuye7+C+VCEMNYH3ISidI5EIT66Vgxwr7Q==",
      "dev": true
    },
    "@applitools/bongo": {
      "version": "2.2.5",
      "resolved": "https://registry.npmjs.org/@applitools/bongo/-/bongo-2.2.5.tgz",
      "integrity": "sha512-a0NRHM1pjZ4oblshU///slyl1vktVZAJ11toRxRdAArAa4d4Vgak5VsqukFGQFdlF85voZp/XJcJXYOZmKeAWQ==",
      "dev": true,
      "requires": {
        "@applitools/utils": "1.3.30",
        "chalk": "3.0.0",
        "compare-versions": "4.1.3",
        "js-yaml": "4.1.0",
        "lodash.pickby": "4.6.0",
        "micromatch": "4.0.2",
        "node-fetch": "2.6.1",
        "yargs": "15.0.2"
      }
    },
    "@applitools/driver": {
      "version": "1.12.0",
      "resolved": "https://registry.npmjs.org/@applitools/driver/-/driver-1.12.0.tgz",
      "integrity": "sha512-lnkdqxWX8TISfhz1RgNVXVfoSMpvLdzSwM5by5fWN6sEuZSdJin1pQFmatteertWPztEs9S5/WaDRXs9DDvuYw==",
      "dev": true,
      "requires": {
        "@applitools/logger": "2.0.1",
        "@applitools/snippets": "2.4.21",
        "@applitools/utils": "1.3.37",
        "semver": "7.3.7"
      },
      "dependencies": {
        "@applitools/utils": {
          "version": "1.3.37",
          "resolved": "https://registry.npmjs.org/@applitools/utils/-/utils-1.3.37.tgz",
          "integrity": "sha512-w9RNmLoVg3BwOYCFOykqmM6pPgpgq3QuI3mUMSK3VLnOmkaz2bLqozTY7xOLnW4NACg/1hdpbVbrb8mygHYoEA==",
          "dev": true
        }
      }
    },
    "@applitools/logger": {
      "version": "2.0.1",
      "resolved": "https://registry.npmjs.org/@applitools/logger/-/logger-2.0.1.tgz",
      "integrity": "sha512-5F91vcnr0b7U2J44M999yEYkNhQa++Wrch0h8Qp5TYXhqUP3xqTk19Vgi08ZMDyTmJe/CfinxilmuSqZJbz03A==",
      "dev": true,
      "requires": {
        "@applitools/utils": "1.3.37",
        "chalk": "4.1.2",
        "debug": "4.3.3"
      },
      "dependencies": {
        "@applitools/utils": {
          "version": "1.3.37",
          "resolved": "https://registry.npmjs.org/@applitools/utils/-/utils-1.3.37.tgz",
          "integrity": "sha512-w9RNmLoVg3BwOYCFOykqmM6pPgpgq3QuI3mUMSK3VLnOmkaz2bLqozTY7xOLnW4NACg/1hdpbVbrb8mygHYoEA==",
          "dev": true
        },
        "chalk": {
          "version": "4.1.2",
          "resolved": "https://registry.npmjs.org/chalk/-/chalk-4.1.2.tgz",
          "integrity": "sha512-oKnbhFyRIXpUuez8iBMmyEa4nbj4IOQyuhc/wy9kY7/WVPcwIO9VA668Pu8RkO7+0G76SLROeyw9CpQ061i4mA==",
          "dev": true,
          "requires": {
            "ansi-styles": "^4.1.0",
            "supports-color": "^7.1.0"
          }
        }
      }
    },
    "@applitools/snippets": {
      "version": "2.4.21",
      "resolved": "https://registry.npmjs.org/@applitools/snippets/-/snippets-2.4.21.tgz",
      "integrity": "sha512-3l+6pR0cJJjpG5subgqoI55vFFZ94//CS7jdhWuVwUtQJzeq6QSD6m/H+qfa8A7Sg9mzXnbyUenWQ7fpUk/5Fg==",
      "dev": true
    },
    "@applitools/spec-driver-playwright": {
      "version": "1.3.13",
      "resolved": "https://registry.npmjs.org/@applitools/spec-driver-playwright/-/spec-driver-playwright-1.3.13.tgz",
      "integrity": "sha512-7jcHu1O1su+GgsfHRCxnFcYCBUsfqI8ZdqIVTVfjGdbIrBQybW/ZG/a9fWMfi40ASjFTbkSxnrtRGP5OiSoucw==",
      "dev": true,
      "requires": {
        "@applitools/driver": "1.12.0",
        "@applitools/utils": "1.3.37"
      },
      "dependencies": {
        "@applitools/utils": {
          "version": "1.3.37",
          "resolved": "https://registry.npmjs.org/@applitools/utils/-/utils-1.3.37.tgz",
          "integrity": "sha512-w9RNmLoVg3BwOYCFOykqmM6pPgpgq3QuI3mUMSK3VLnOmkaz2bLqozTY7xOLnW4NACg/1hdpbVbrb8mygHYoEA==",
          "dev": true
        }
      }
    },
    "@applitools/test-utils": {
      "version": "1.5.12",
      "resolved": "https://registry.npmjs.org/@applitools/test-utils/-/test-utils-1.5.12.tgz",
      "integrity": "sha512-7k11wlOQEvB+RhV1Cuxk3q4SCZkOSgfDpbOeHaGEgcJMGG5c3nXeynvG/r4yvFdafFybe/WlPP1AYRtMUskMRA==",
      "dev": true,
      "requires": {
        "node-fetch": "2.6.1"
      }
    },
    "@applitools/utils": {
      "version": "1.3.30",
      "resolved": "https://registry.npmjs.org/@applitools/utils/-/utils-1.3.30.tgz",
      "integrity": "sha512-plOtxdUYLqMAYwevUTUFNYqSJIH0BQXeqlBFtKwdTdFGn6pK3cGBg5aYp40BxPodBKrQ6Ze325WnwhIVAI3pYg=="
    },
    "@types/mocha": {
      "version": "9.1.1",
      "resolved": "https://registry.npmjs.org/@types/mocha/-/mocha-9.1.1.tgz",
      "integrity": "sha512-Z61JK7DKDtdKTWwLeElSEBcWGRLY8g95ic5FoQqI9CMx0ns/Ghep3B4DfcEimiKMvtamNVULVNKEsiwV3aQmXw==",
      "dev": true
    },
    "@types/node": {
      "version": "12.20.55",
      "resolved": "https://registry.npmjs.org/@types/node/-/node-12.20.55.tgz",
      "integrity": "sha512-J8xLz7q2OFulZ2cyGTLE1TbbZcjpno7FaN6zdJNrgAdrJ+DZzh/uFR6YrTb4C+nXakvud8Q4+rbhoIWlYQbUFQ==",
      "dev": true
    },
    "@types/webextension-polyfill": {
      "version": "0.9.2",
      "resolved": "https://registry.npmjs.org/@types/webextension-polyfill/-/webextension-polyfill-0.9.2.tgz",
      "integrity": "sha512-op8YeoK60K6/GIx3snWs3JowBZ+/aeSnZzZuuwynA7VARWfzr3st9aQNk9RWfoBx5xqlNZjAsh2QttPUZnabCw==",
      "dev": true
    },
    "ansi-regex": {
      "version": "5.0.1",
      "resolved": "https://registry.npmjs.org/ansi-regex/-/ansi-regex-5.0.1.tgz",
      "integrity": "sha512-quJQXlTSUGL2LH9SUXo8VwsY4soanhgo6LNSm84E1LBcE8s3O0wpdiRzyR9z/ZZJMlMWv37qOOb9pdJlMUEKFQ==",
      "dev": true
    },
    "ansi-styles": {
      "version": "4.3.0",
      "resolved": "https://registry.npmjs.org/ansi-styles/-/ansi-styles-4.3.0.tgz",
      "integrity": "sha512-zbB9rCJAT1rbjiVDb2hqKFHNYLxgtk8NURxZ3IZwD3F6NtxbXZQCnnSi1Lkx+IDohdPlFp222wVALIheZJQSEg==",
      "dev": true,
      "requires": {
        "color-convert": "^2.0.1"
      }
    },
    "argparse": {
      "version": "2.0.1",
      "resolved": "https://registry.npmjs.org/argparse/-/argparse-2.0.1.tgz",
      "integrity": "sha512-8+9WqebbFzpX9OR+Wa6O29asIogeRMzcGtAINdpMHHyAg10f05aSFVBbcEqGf/PXw1EjAZ+q2/bEBg3DvurK3Q==",
      "dev": true
    },
    "braces": {
      "version": "3.0.2",
      "resolved": "https://registry.npmjs.org/braces/-/braces-3.0.2.tgz",
      "integrity": "sha512-b8um+L1RzM3WDSzvhm6gIz1yfTbBt6YTlcEKAvsmqCZZFw46z626lVj9j1yEPW33H5H+lBQpZMP1k8l+78Ha0A==",
      "dev": true,
      "requires": {
        "fill-range": "^7.0.1"
      }
    },
    "camelcase": {
      "version": "5.3.1",
      "resolved": "https://registry.npmjs.org/camelcase/-/camelcase-5.3.1.tgz",
      "integrity": "sha512-L28STB170nwWS63UjtlEOE3dldQApaJXZkOI1uMFfzf3rRuPegHaHesyee+YxQ+W6SvRDQV6UrdOdRiR153wJg==",
      "dev": true
    },
    "chalk": {
      "version": "3.0.0",
      "resolved": "https://registry.npmjs.org/chalk/-/chalk-3.0.0.tgz",
      "integrity": "sha512-4D3B6Wf41KOYRFdszmDqMCGq5VV/uMAB273JILmO+3jAlh8X4qDtdtgCR3fxtbLEMzSx22QdhnDcJvu2u1fVwg==",
      "dev": true,
      "requires": {
        "ansi-styles": "^4.1.0",
        "supports-color": "^7.1.0"
      }
    },
    "cliui": {
      "version": "6.0.0",
      "resolved": "https://registry.npmjs.org/cliui/-/cliui-6.0.0.tgz",
      "integrity": "sha512-t6wbgtoCXvAzst7QgXxJYqPt0usEfbgQdftEPbLL/cvv6HPE5VgvqCuAIDR0NgU52ds6rFwqrgakNLrHEjCbrQ==",
      "dev": true,
      "requires": {
        "string-width": "^4.2.0",
        "strip-ansi": "^6.0.0",
        "wrap-ansi": "^6.2.0"
      }
    },
    "color-convert": {
      "version": "2.0.1",
      "resolved": "https://registry.npmjs.org/color-convert/-/color-convert-2.0.1.tgz",
      "integrity": "sha512-RRECPsj7iu/xb5oKYcsFHSppFNnsj/52OVTRKb4zP5onXwVF3zVmmToNcOfGC+CRDpfK/U584fMg38ZHCaElKQ==",
      "dev": true,
      "requires": {
        "color-name": "~1.1.4"
      }
    },
    "color-name": {
      "version": "1.1.4",
      "resolved": "https://registry.npmjs.org/color-name/-/color-name-1.1.4.tgz",
      "integrity": "sha512-dOy+3AuW3a2wNbZHIuMZpTcgjGuLU/uBL/ubcZF9OXbDo8ff4O8yVp5Bf0efS8uEoYo5q4Fx7dY9OgQGXgAsQA==",
      "dev": true
    },
    "compare-versions": {
      "version": "4.1.3",
      "resolved": "https://registry.npmjs.org/compare-versions/-/compare-versions-4.1.3.tgz",
      "integrity": "sha512-WQfnbDcrYnGr55UwbxKiQKASnTtNnaAWVi8jZyy8NTpVAXWACSne8lMD1iaIo9AiU6mnuLvSVshCzewVuWxHUg==",
      "dev": true
    },
    "debug": {
      "version": "4.3.3",
      "resolved": "https://registry.npmjs.org/debug/-/debug-4.3.3.tgz",
      "integrity": "sha512-/zxw5+vh1Tfv+4Qn7a5nsbcJKPaSvCDhojn6FEl9vupwK2VCSDtEiEtqr8DFtzYFOdz63LBkxec7DYuc2jon6Q==",
      "dev": true,
      "requires": {
        "ms": "2.1.2"
      }
    },
    "decamelize": {
      "version": "1.2.0",
      "resolved": "https://registry.npmjs.org/decamelize/-/decamelize-1.2.0.tgz",
      "integrity": "sha512-z2S+W9X73hAUUki+N+9Za2lBlun89zigOyGrsax+KUQ6wKW4ZoWpEYBkGhQjwAjjDCkWxhY0VKEhk8wzY7F5cA==",
      "dev": true
    },
    "emoji-regex": {
      "version": "8.0.0",
      "resolved": "https://registry.npmjs.org/emoji-regex/-/emoji-regex-8.0.0.tgz",
      "integrity": "sha512-MSjYzcWNOA0ewAHpz0MxpYFvwg6yjy1NG3xteoqz644VCo/RPgnr1/GGt+ic3iJTzQ8Eu3TdM14SawnVUmGE6A==",
      "dev": true
    },
    "fill-range": {
      "version": "7.0.1",
      "resolved": "https://registry.npmjs.org/fill-range/-/fill-range-7.0.1.tgz",
      "integrity": "sha512-qOo9F+dMUmC2Lcb4BbVvnKJxTPjCm+RRpe4gDuGrzkL7mEVl/djYSu2OdQ2Pa302N4oqkSg9ir6jaLWJ2USVpQ==",
      "dev": true,
      "requires": {
        "to-regex-range": "^5.0.1"
      }
    },
    "find-up": {
      "version": "4.1.0",
      "resolved": "https://registry.npmjs.org/find-up/-/find-up-4.1.0.tgz",
      "integrity": "sha512-PpOwAdQ/YlXQ2vj8a3h8IipDuYRi3wceVQQGYWxNINccq40Anw7BlsEXCMbt1Zt+OLA6Fq9suIpIWD0OsnISlw==",
      "dev": true,
      "requires": {
        "locate-path": "^5.0.0",
        "path-exists": "^4.0.0"
      }
    },
    "get-caller-file": {
      "version": "2.0.5",
      "resolved": "https://registry.npmjs.org/get-caller-file/-/get-caller-file-2.0.5.tgz",
      "integrity": "sha512-DyFP3BM/3YHTQOCUL/w0OZHR0lpKeGrxotcHWcqNEdnltqFwXVfhEBQ94eIo34AfQpo0rGki4cyIiftY06h2Fg==",
      "dev": true
    },
    "has-flag": {
      "version": "4.0.0",
      "resolved": "https://registry.npmjs.org/has-flag/-/has-flag-4.0.0.tgz",
      "integrity": "sha512-EykJT/Q1KjTWctppgIAgfSO0tKVuZUjhgMr17kqTumMl6Afv3EISleU7qZUzoXDFTAHTDC4NOoG/ZxU3EvlMPQ==",
      "dev": true
    },
    "is-fullwidth-code-point": {
      "version": "3.0.0",
      "resolved": "https://registry.npmjs.org/is-fullwidth-code-point/-/is-fullwidth-code-point-3.0.0.tgz",
      "integrity": "sha512-zymm5+u+sCsSWyD9qNaejV3DFvhCKclKdizYaJUuHA83RLjb7nSuGnddCHGv0hk+KY7BMAlsWeK4Ueg6EV6XQg==",
      "dev": true
    },
    "is-number": {
      "version": "7.0.0",
      "resolved": "https://registry.npmjs.org/is-number/-/is-number-7.0.0.tgz",
      "integrity": "sha512-41Cifkg6e8TylSpdtTpeLVMqvSBEVzTttHvERD741+pnZ8ANv0004MRL43QKPDlK9cGvNp6NZWZUBlbGXYxxng==",
      "dev": true
    },
    "js-yaml": {
      "version": "4.1.0",
      "resolved": "https://registry.npmjs.org/js-yaml/-/js-yaml-4.1.0.tgz",
      "integrity": "sha512-wpxZs9NoxZaJESJGIZTyDEaYpl0FKSA+FB9aJiyemKhMwkxQg63h4T1KJgUGHpTqPDNRcmmYLugrRjJlBtWvRA==",
      "dev": true,
      "requires": {
        "argparse": "^2.0.1"
      }
    },
    "locate-path": {
      "version": "5.0.0",
      "resolved": "https://registry.npmjs.org/locate-path/-/locate-path-5.0.0.tgz",
      "integrity": "sha512-t7hw9pI+WvuwNJXwk5zVHpyhIqzg2qTlklJOf0mVxGSbe3Fp2VieZcduNYjaLDoy6p9uGpQEGWG87WpMKlNq8g==",
      "dev": true,
      "requires": {
        "p-locate": "^4.1.0"
      }
    },
    "lodash.pickby": {
      "version": "4.6.0",
      "resolved": "https://registry.npmjs.org/lodash.pickby/-/lodash.pickby-4.6.0.tgz",
      "integrity": "sha512-AZV+GsS/6ckvPOVQPXSiFFacKvKB4kOQu6ynt9wz0F3LO4R9Ij4K1ddYsIytDpSgLz88JHd9P+oaLeej5/Sl7Q==",
      "dev": true
    },
    "lru-cache": {
      "version": "6.0.0",
      "resolved": "https://registry.npmjs.org/lru-cache/-/lru-cache-6.0.0.tgz",
      "integrity": "sha512-Jo6dJ04CmSjuznwJSS3pUeWmd/H0ffTlkXXgwZi+eq1UCmqQwCh+eLsYOYCwY991i2Fah4h1BEMCx4qThGbsiA==",
      "dev": true,
      "requires": {
        "yallist": "^4.0.0"
      }
    },
    "micromatch": {
      "version": "4.0.2",
      "resolved": "https://registry.npmjs.org/micromatch/-/micromatch-4.0.2.tgz",
      "integrity": "sha512-y7FpHSbMUMoyPbYUSzO6PaZ6FyRnQOpHuKwbo1G+Knck95XVU4QAiKdGEnj5wwoS7PlOgthX/09u5iFJ+aYf5Q==",
      "dev": true,
      "requires": {
        "braces": "^3.0.1",
        "picomatch": "^2.0.5"
      }
    },
    "ms": {
      "version": "2.1.2",
      "resolved": "https://registry.npmjs.org/ms/-/ms-2.1.2.tgz",
      "integrity": "sha512-sGkPx+VjMtmA6MX27oA4FBFELFCZZ4S4XqeGOXCv68tT+jb3vk/RyaKWP0PTKyWtmLSM0b+adUTEvbs1PEaH2w==",
      "dev": true
    },
    "node-fetch": {
      "version": "2.6.1",
      "resolved": "https://registry.npmjs.org/node-fetch/-/node-fetch-2.6.1.tgz",
      "integrity": "sha512-V4aYg89jEoVRxRb2fJdAg8FHvI7cEyYdVAh94HH0UIK8oJxUfkjlDQN9RbMx+bEjP7+ggMiFRprSti032Oipxw==",
      "dev": true
    },
    "p-limit": {
      "version": "2.3.0",
      "resolved": "https://registry.npmjs.org/p-limit/-/p-limit-2.3.0.tgz",
      "integrity": "sha512-//88mFWSJx8lxCzwdAABTJL2MyWB12+eIY7MDL2SqLmAkeKU9qxRvWuSyTjm3FUmpBEMuFfckAIqEaVGUDxb6w==",
      "dev": true,
      "requires": {
        "p-try": "^2.0.0"
      }
    },
    "p-locate": {
      "version": "4.1.0",
      "resolved": "https://registry.npmjs.org/p-locate/-/p-locate-4.1.0.tgz",
      "integrity": "sha512-R79ZZ/0wAxKGu3oYMlz8jy/kbhsNrS7SKZ7PxEHBgJ5+F2mtFW2fK2cOtBh1cHYkQsbzFV7I+EoRKe6Yt0oK7A==",
      "dev": true,
      "requires": {
        "p-limit": "^2.2.0"
      }
    },
    "p-try": {
      "version": "2.2.0",
      "resolved": "https://registry.npmjs.org/p-try/-/p-try-2.2.0.tgz",
      "integrity": "sha512-R4nPAVTAU0B9D35/Gk3uJf/7XYbQcyohSKdvAxIRSNghFl4e71hVoGnBNQz9cWaXxO2I10KTC+3jMdvvoKw6dQ==",
      "dev": true
    },
    "path-exists": {
      "version": "4.0.0",
      "resolved": "https://registry.npmjs.org/path-exists/-/path-exists-4.0.0.tgz",
      "integrity": "sha512-ak9Qy5Q7jYb2Wwcey5Fpvg2KoAc/ZIhLSLOSBmRmygPsGwkVVt0fZa0qrtMz+m6tJTAHfZQ8FnmB4MG4LWy7/w==",
      "dev": true
    },
    "picomatch": {
      "version": "2.3.1",
      "resolved": "https://registry.npmjs.org/picomatch/-/picomatch-2.3.1.tgz",
      "integrity": "sha512-JU3teHTNjmE2VCGFzuY8EXzCDVwEqB2a8fsIvwaStHhAWJEeVd1o1QD80CU6+ZdEXXSLbSsuLwJjkCBWqRQUVA==",
      "dev": true
    },
    "playwright": {
      "version": "1.34.3",
      "resolved": "https://registry.npmjs.org/playwright/-/playwright-1.34.3.tgz",
      "integrity": "sha512-UOOVE4ZbGfGkP1KVqWTdXOmm8Pw2pBhfbmlqKMkpiRCQjL5W+J+xRQXpgutFr0iM4pWl8g0GyyASMsqjQfFohw==",
      "dev": true,
      "requires": {
        "playwright-core": "1.34.3"
      }
    },
    "playwright-core": {
      "version": "1.34.3",
      "resolved": "https://registry.npmjs.org/playwright-core/-/playwright-core-1.34.3.tgz",
      "integrity": "sha512-2pWd6G7OHKemc5x1r1rp8aQcpvDh7goMBZlJv6Co5vCNLVcQJdhxRL09SGaY6HcyHH9aT4tiynZabMofVasBYw==",
      "dev": true
    },
    "require-directory": {
      "version": "2.1.1",
      "resolved": "https://registry.npmjs.org/require-directory/-/require-directory-2.1.1.tgz",
      "integrity": "sha512-fGxEI7+wsG9xrvdjsrlmL22OMTTiHRwAMroiEeMgq8gzoLC/PQr7RsRDSTLUg/bZAZtF+TVIkHc6/4RIKrui+Q==",
      "dev": true
    },
    "require-main-filename": {
      "version": "2.0.0",
      "resolved": "https://registry.npmjs.org/require-main-filename/-/require-main-filename-2.0.0.tgz",
      "integrity": "sha512-NKN5kMDylKuldxYLSUfrbo5Tuzh4hd+2E8NPPX02mZtn1VuREQToYe/ZdlJy+J3uCpfaiGF05e7B8W0iXbQHmg==",
      "dev": true
    },
    "semver": {
      "version": "7.3.7",
      "resolved": "https://registry.npmjs.org/semver/-/semver-7.3.7.tgz",
      "integrity": "sha512-QlYTucUYOews+WeEujDoEGziz4K6c47V/Bd+LjSSYcA94p+DmINdf7ncaUinThfvZyu13lN9OY1XDxt8C0Tw0g==",
      "dev": true,
      "requires": {
        "lru-cache": "^6.0.0"
      }
    },
    "set-blocking": {
      "version": "2.0.0",
      "resolved": "https://registry.npmjs.org/set-blocking/-/set-blocking-2.0.0.tgz",
      "integrity": "sha512-KiKBS8AnWGEyLzofFfmvKwpdPzqiy16LvQfK3yv/fVH7Bj13/wl3JSR1J+rfgRE9q7xUJK4qvgS8raSOeLUehw==",
      "dev": true
    },
    "string-width": {
      "version": "4.2.3",
      "resolved": "https://registry.npmjs.org/string-width/-/string-width-4.2.3.tgz",
      "integrity": "sha512-wKyQRQpjJ0sIp62ErSZdGsjMJWsap5oRNihHhu6G7JVO/9jIB6UyevL+tXuOqrng8j/cxKTWyWUwvSTriiZz/g==",
      "dev": true,
      "requires": {
        "emoji-regex": "^8.0.0",
        "is-fullwidth-code-point": "^3.0.0",
        "strip-ansi": "^6.0.1"
      }
    },
    "strip-ansi": {
      "version": "6.0.1",
      "resolved": "https://registry.npmjs.org/strip-ansi/-/strip-ansi-6.0.1.tgz",
      "integrity": "sha512-Y38VPSHcqkFrCpFnQ9vuSXmquuv5oXOKpGeT6aGrr3o3Gc9AlVa6JBfUSOCnbxGGZF+/0ooI7KrPuUSztUdU5A==",
      "dev": true,
      "requires": {
        "ansi-regex": "^5.0.1"
      }
    },
    "supports-color": {
      "version": "7.2.0",
      "resolved": "https://registry.npmjs.org/supports-color/-/supports-color-7.2.0.tgz",
      "integrity": "sha512-qpCAvRl9stuOHveKsn7HncJRvv501qIacKzQlO/+Lwxc9+0q2wLyv4Dfvt80/DPn2pqOBsJdDiogXGR9+OvwRw==",
      "dev": true,
      "requires": {
        "has-flag": "^4.0.0"
      }
    },
    "to-regex-range": {
      "version": "5.0.1",
      "resolved": "https://registry.npmjs.org/to-regex-range/-/to-regex-range-5.0.1.tgz",
      "integrity": "sha512-65P7iz6X5yEr1cwcgvQxbbIw7Uk3gOy5dIdtZ4rDveLqhrdJP+Li/Hx6tyK0NEb+2GCyneCMJiGqrADCSNk8sQ==",
      "dev": true,
      "requires": {
        "is-number": "^7.0.0"
      }
    },
    "webextension-polyfill": {
      "version": "0.10.0",
      "resolved": "https://registry.npmjs.org/webextension-polyfill/-/webextension-polyfill-0.10.0.tgz",
      "integrity": "sha512-c5s35LgVa5tFaHhrZDnr3FpQpjj1BB+RXhLTYUxGqBVN460HkbM8TBtEqdXWbpTKfzwCcjAZVF7zXCYSKtcp9g=="
    },
    "which-module": {
      "version": "2.0.1",
      "resolved": "https://registry.npmjs.org/which-module/-/which-module-2.0.1.tgz",
      "integrity": "sha512-iBdZ57RDvnOR9AGBhML2vFZf7h8vmBjhoaZqODJBFWHVtKkDmKuHai3cx5PgVMrX5YDNp27AofYbAwctSS+vhQ==",
      "dev": true
    },
    "wrap-ansi": {
      "version": "6.2.0",
      "resolved": "https://registry.npmjs.org/wrap-ansi/-/wrap-ansi-6.2.0.tgz",
      "integrity": "sha512-r6lPcBGxZXlIcymEu7InxDMhdW0KDxpLgoFLcguasxCaJ/SOIZwINatK9KY/tf+ZrlywOKU0UDj3ATXUBfxJXA==",
      "dev": true,
      "requires": {
        "ansi-styles": "^4.0.0",
        "string-width": "^4.1.0",
        "strip-ansi": "^6.0.0"
      }
    },
    "y18n": {
      "version": "4.0.3",
      "resolved": "https://registry.npmjs.org/y18n/-/y18n-4.0.3.tgz",
      "integrity": "sha512-JKhqTOwSrqNA1NY5lSztJ1GrBiUodLMmIZuLiDaMRJ+itFd+ABVE8XBjOvIWL+rSqNDC74LCSFmlb/U4UZ4hJQ==",
      "dev": true
    },
    "yallist": {
      "version": "4.0.0",
      "resolved": "https://registry.npmjs.org/yallist/-/yallist-4.0.0.tgz",
      "integrity": "sha512-3wdGidZyq5PB084XLES5TpOSRA3wjXAlIWMhum2kRcv/41Sn2emQ0dycQW4uZXLejwKvg6EsvbdlVL+FYEct7A==",
      "dev": true
    },
    "yargs": {
      "version": "15.0.2",
      "resolved": "https://registry.npmjs.org/yargs/-/yargs-15.0.2.tgz",
      "integrity": "sha512-GH/X/hYt+x5hOat4LMnCqMd8r5Cv78heOMIJn1hr7QPPBqfeC6p89Y78+WB9yGDvfpCvgasfmWLzNzEioOUD9Q==",
      "dev": true,
      "requires": {
        "cliui": "^6.0.0",
        "decamelize": "^1.2.0",
        "find-up": "^4.1.0",
        "get-caller-file": "^2.0.1",
        "require-directory": "^2.1.1",
        "require-main-filename": "^2.0.0",
        "set-blocking": "^2.0.0",
        "string-width": "^4.2.0",
        "which-module": "^2.0.0",
        "y18n": "^4.0.0",
        "yargs-parser": "^16.1.0"
      }
    },
    "yargs-parser": {
      "version": "16.1.0",
      "resolved": "https://registry.npmjs.org/yargs-parser/-/yargs-parser-16.1.0.tgz",
      "integrity": "sha512-H/V41UNZQPkUMIT5h5hiwg4QKIY1RPvoBV4XcjUbRM8Bk2oKqqyZ0DIEbTFZB0XjbtSPG8SAa/0DxCQmiRgzKg==",
      "dev": true,
      "requires": {
        "camelcase": "^5.0.0",
        "decamelize": "^1.2.0"
      }
    }
  }
}
